
Microsoft Visual Studio Solution File, Format Version 12.00
# Visual Studio Version 17
VisualStudioVersion = 17.6.33815.320
MinimumVisualStudioVersion = 10.0.40219.1
Project("{FAE04EC0-301F-11D3-BF4B-00C04F79EFBC}") = "DzialAudytu", "DzialAudytu\DzialAudytu.csproj", "{9F1D9084-09A0-4EAB-82F4-204FEBDD6AAC}"
EndProject
Project("{FAE04EC0-301F-11D3-BF4B-00C04F79EFBC}") = "DzialAudytuBazaDanych", "DzialAudytuBazaDanych\DzialAudytuBazaDanych.csproj", "{2394B24B-EB71-4108-9D6F-86C15B8FC144}"
EndProject
Global
	GlobalSection(SolutionConfigurationPlatforms) = preSolution
		Debug|Any CPU = Debug|Any CPU
		Release|Any CPU = Release|Any CPU
	EndGlobalSection
	GlobalSection(ProjectConfigurationPlatforms) = postSolution
		{9F1D9084-09A0-4EAB-82F4-204FEBDD6AAC}.Debug|Any CPU.ActiveCfg = Debug|Any CPU
		{9F1D9084-09A0-4EAB-82F4-204FEBDD6AAC}.Debug|Any CPU.Build.0 = Debug|Any CPU
		{9F1D9084-09A0-4EAB-82F4-204FEBDD6AAC}.Release|Any CPU.ActiveCfg = Release|Any CPU
		{9F1D9084-09A0-4EAB-82F4-204FEBDD6AAC}.Release|Any CPU.Build.0 = Release|Any CPU
		{2394B24B-EB71-4108-9D6F-86C15B8FC144}.Debug|Any CPU.ActiveCfg = Debug|Any CPU
		{2394B24B-EB71-4108-9D6F-86C15B8FC144}.Debug|Any CPU.Build.0 = Debug|Any CPU
		{2394B24B-EB71-4108-9D6F-86C15B8FC144}.Release|Any CPU.ActiveCfg = Release|Any CPU
		{2394B24B-EB71-4108-9D6F-86C15B8FC144}.Release|Any CPU.Build.0 = Release|Any CPU
	EndGlobalSection
	GlobalSection(SolutionProperties) = preSolution
		HideSolutionNode = FALSE
	EndGlobalSection
	GlobalSection(ExtensibilityGlobals) = postSolution
		SolutionGuid = {27C80D20-B794-4AF0-8E47-50BADB17BD1D}
	EndGlobalSection
EndGlobal
